{
    "name": "du-an-test",
    "version": "1.0.0",
    "lockfileVersion": 3,
    "requires": true,
    "packages": {
        "": {
            "name": "du-an-test",
            "version": "1.0.0",
            "dependencies": {
                "du-an-test": "file:"
            },
            "engines": {
                "node": "18.x"
            }
        },
        "node_modules/du-an-test": {
            "resolved": "",
            "link": true
        }
    }
}
